
Microsoft Visual Studio Solution File, Format Version 12.00
# Visual Studio Version 17
VisualStudioVersion = 17.1.32210.238
MinimumVisualStudioVersion = 10.0.40219.1
Project("{FAE04EC0-301F-11D3-BF4B-00C04F79EFBC}") = "HelloWorld", "HelloWorld.csproj", "{15CEE754-49AD-4BCE-B0E3-E2310FC1026D}"
EndProject
Global
	GlobalSection(SolutionConfigurationPlatforms) = preSolution
		Debug|Any CPU = Debug|Any CPU
		Release|Any CPU = Release|Any CPU
	EndGlobalSection
	GlobalSection(ProjectConfigurationPlatforms) = postSolution
		{15CEE754-49AD-4BCE-B0E3-E2310FC1026D}.Debug|Any CPU.ActiveCfg = Debug|Any CPU
		{15CEE754-49AD-4BCE-B0E3-E2310FC1026D}.Debug|Any CPU.Build.0 = Debug|Any CPU
		{15CEE754-49AD-4BCE-B0E3-E2310FC1026D}.Release|Any CPU.ActiveCfg = Release|Any CPU
		{15CEE754-49AD-4BCE-B0E3-E2310FC1026D}.Release|Any CPU.Build.0 = Release|Any CPU
	EndGlobalSection
	GlobalSection(SolutionProperties) = preSolution
		HideSolutionNode = FALSE
	EndGlobalSection
	GlobalSection(ExtensibilityGlobals) = postSolution
		SolutionGuid = {39C3E649-552B-4727-BB2E-1D369DBF4809}
	EndGlobalSection
EndGlobal
